
Microsoft Visual Studio Solution File, Format Version 12.00
# Visual Studio Version 17
VisualStudioVersion = 17.9.34607.119
MinimumVisualStudioVersion = 10.0.40219.1
Project("{FAE04EC0-301F-11D3-BF4B-00C04F79EFBC}") = "ArraySpaceVC", "ArraySpaceVC.csproj", "{A95487A5-9781-41F2-AEFB-8D8382F64DEA}"
EndProject
Global
	GlobalSection(SolutionConfigurationPlatforms) = preSolution
		Debug|Any CPU = Debug|Any CPU
		Release|Any CPU = Release|Any CPU
	EndGlobalSection
	GlobalSection(ProjectConfigurationPlatforms) = postSolution
		{A95487A5-9781-41F2-AEFB-8D8382F64DEA}.Debug|Any CPU.ActiveCfg = Debug|Any CPU
		{A95487A5-9781-41F2-AEFB-8D8382F64DEA}.Debug|Any CPU.Build.0 = Debug|Any CPU
		{A95487A5-9781-41F2-AEFB-8D8382F64DEA}.Release|Any CPU.ActiveCfg = Release|Any CPU
		{A95487A5-9781-41F2-AEFB-8D8382F64DEA}.Release|Any CPU.Build.0 = Release|Any CPU
	EndGlobalSection
	GlobalSection(SolutionProperties) = preSolution
		HideSolutionNode = FALSE
	EndGlobalSection
	GlobalSection(ExtensibilityGlobals) = postSolution
		SolutionGuid = {61D223F5-42BF-45BE-B122-22499C898267}
	EndGlobalSection
EndGlobal
